
Microsoft Visual Studio Solution File, Format Version 12.00
# Visual Studio 15
VisualStudioVersion = 15.0.28010.2050
MinimumVisualStudioVersion = 10.0.40219.1
Project("{9A19103F-16F7-4668-BE54-9A1E7A4F7556}") = "Cef.API", "Cef.API\Cef.API.csproj", "{50AFC3C1-D4FD-462C-AB34-00DFB7F1E852}"
EndProject
Project("{2150E333-8FDC-42A3-9474-1A3956D46DE8}") = "Solution Items", "Solution Items", "{59EFB7E5-D79D-4CB0-8437-9D358670309D}"
	ProjectSection(SolutionItems) = preProject
		.gitignore = .gitignore
		NuGet.Config = NuGet.Config
		README.md = README.md
	EndProjectSection
EndProject
Project("{9A19103F-16F7-4668-BE54-9A1E7A4F7556}") = "Cef.API.Tests", "Cef.API.Tests\Cef.API.Tests.csproj", "{5BFA173C-7CC2-4918-BA5B-E6773C3BF038}"
EndProject
Global
	GlobalSection(SolutionConfigurationPlatforms) = preSolution
		Debug|Any CPU = Debug|Any CPU
		Release|Any CPU = Release|Any CPU
	EndGlobalSection
	GlobalSection(ProjectConfigurationPlatforms) = postSolution
		{50AFC3C1-D4FD-462C-AB34-00DFB7F1E852}.Debug|Any CPU.ActiveCfg = Debug|Any CPU
		{50AFC3C1-D4FD-462C-AB34-00DFB7F1E852}.Debug|Any CPU.Build.0 = Debug|Any CPU
		{50AFC3C1-D4FD-462C-AB34-00DFB7F1E852}.Release|Any CPU.ActiveCfg = Release|Any CPU
		{50AFC3C1-D4FD-462C-AB34-00DFB7F1E852}.Release|Any CPU.Build.0 = Release|Any CPU
		{5BFA173C-7CC2-4918-BA5B-E6773C3BF038}.Debug|Any CPU.ActiveCfg = Debug|Any CPU
		{5BFA173C-7CC2-4918-BA5B-E6773C3BF038}.Debug|Any CPU.Build.0 = Debug|Any CPU
		{5BFA173C-7CC2-4918-BA5B-E6773C3BF038}.Release|Any CPU.ActiveCfg = Release|Any CPU
		{5BFA173C-7CC2-4918-BA5B-E6773C3BF038}.Release|Any CPU.Build.0 = Release|Any CPU
	EndGlobalSection
	GlobalSection(SolutionProperties) = preSolution
		HideSolutionNode = FALSE
	EndGlobalSection
	GlobalSection(ExtensibilityGlobals) = postSolution
		SolutionGuid = {EC9B062D-43D7-4CFF-8803-6D8C1AC4FCEA}
	EndGlobalSection
EndGlobal
