
Microsoft Visual Studio Solution File, Format Version 12.00
# Visual Studio 15
VisualStudioVersion = 15.0.28010.2050
MinimumVisualStudioVersion = 10.0.40219.1
Project("{9A19103F-16F7-4668-BE54-9A1E7A4F7556}") = "Clarity.Api", "Clarity.Api\Clarity.Api.csproj", "{50AFC3C1-D4FD-462C-AB34-00DFB7F1E852}"
EndProject
Project("{2150E333-8FDC-42A3-9474-1A3956D46DE8}") = "Solution Items", "Solution Items", "{59EFB7E5-D79D-4CB0-8437-9D358670309D}"
	ProjectSection(SolutionItems) = preProject
		.gitignore = .gitignore
		NuGet.Config = NuGet.Config
		README.md = README.md
	EndProjectSection
EndProject
Project("{9A19103F-16F7-4668-BE54-9A1E7A4F7556}") = "Clarity.Api.Entities", "Clarity.Api.Entities\Clarity.Api.Entities.csproj", "{4FABABB8-7CAE-4314-951D-1114D9450ABD}"
EndProject
Project("{9A19103F-16F7-4668-BE54-9A1E7A4F7556}") = "Clarity.Api.Extensions", "Clarity.Api.Extensions\Clarity.Api.Extensions.csproj", "{708A6D95-0252-42C9-979B-9E86DB2551DF}"
EndProject
Project("{9A19103F-16F7-4668-BE54-9A1E7A4F7556}") = "Clarity.Api.Requests", "Clarity.Api.Requests\Clarity.Api.Requests.csproj", "{3F8B531A-1B6F-4E85-8B9B-9474808945B6}"
EndProject
Project("{9A19103F-16F7-4668-BE54-9A1E7A4F7556}") = "Clarity.Api.Services", "Clarity.Api.Services\Clarity.Api.Services.csproj", "{6A89301B-59EE-4E70-A414-1A49638F8602}"
EndProject
Project("{9A19103F-16F7-4668-BE54-9A1E7A4F7556}") = "Clarity.Api.Interfaces", "Clarity.Api.Interfaces\Clarity.Api.Interfaces.csproj", "{ECFD41FF-4E5F-4641-9A10-5DBDAF7047F9}"
EndProject
Project("{9A19103F-16F7-4668-BE54-9A1E7A4F7556}") = "Clarity.Api.RequestHandlers", "Clarity.Api.RequestHandlers\Clarity.Api.RequestHandlers.csproj", "{70A65E55-2727-4C5F-B342-714EF1F179BD}"
EndProject
Project("{9A19103F-16F7-4668-BE54-9A1E7A4F7556}") = "Clarity.Api.Controllers", "Clarity.Api.Controllers\Clarity.Api.Controllers.csproj", "{7C389D18-A1FA-4812-8A48-C4DE3C82BD3D}"
EndProject
Project("{9A19103F-16F7-4668-BE54-9A1E7A4F7556}") = "Clarity.Api.Data", "Clarity.Api.Data\Clarity.Api.Data.csproj", "{EC20A1FA-348A-4FD4-91B7-56331C78077E}"
EndProject
Project("{9A19103F-16F7-4668-BE54-9A1E7A4F7556}") = "Clarity.Api.Controllers.Tests", "Clarity.Api.Controllers.Tests\Clarity.Api.Controllers.Tests.csproj", "{EA17A64A-0836-4622-87F4-DF4C8448D2E7}"
EndProject
Project("{9A19103F-16F7-4668-BE54-9A1E7A4F7556}") = "Clarity.Api.RequestHandlers.Tests", "Clarity.Api.RequestHandlers.Tests\Clarity.Api.RequestHandlers.Tests.csproj", "{B2597273-F328-43BD-B299-B4D0A258D8F8}"
EndProject
Project("{FAE04EC0-301F-11D3-BF4B-00C04F79EFBC}") = "Clarity.Api.Enums", "Clarity.Api.Enums\Clarity.Api.Enums.csproj", "{199940A0-8EC1-41BE-A724-B05FDF2867B1}"
EndProject
Global
	GlobalSection(SolutionConfigurationPlatforms) = preSolution
		Debug|Any CPU = Debug|Any CPU
		Release|Any CPU = Release|Any CPU
	EndGlobalSection
	GlobalSection(ProjectConfigurationPlatforms) = postSolution
		{50AFC3C1-D4FD-462C-AB34-00DFB7F1E852}.Debug|Any CPU.ActiveCfg = Debug|Any CPU
		{50AFC3C1-D4FD-462C-AB34-00DFB7F1E852}.Debug|Any CPU.Build.0 = Debug|Any CPU
		{50AFC3C1-D4FD-462C-AB34-00DFB7F1E852}.Release|Any CPU.ActiveCfg = Release|Any CPU
		{50AFC3C1-D4FD-462C-AB34-00DFB7F1E852}.Release|Any CPU.Build.0 = Release|Any CPU
		{4FABABB8-7CAE-4314-951D-1114D9450ABD}.Debug|Any CPU.ActiveCfg = Debug|Any CPU
		{4FABABB8-7CAE-4314-951D-1114D9450ABD}.Debug|Any CPU.Build.0 = Debug|Any CPU
		{4FABABB8-7CAE-4314-951D-1114D9450ABD}.Release|Any CPU.ActiveCfg = Release|Any CPU
		{4FABABB8-7CAE-4314-951D-1114D9450ABD}.Release|Any CPU.Build.0 = Release|Any CPU
		{708A6D95-0252-42C9-979B-9E86DB2551DF}.Debug|Any CPU.ActiveCfg = Debug|Any CPU
		{708A6D95-0252-42C9-979B-9E86DB2551DF}.Debug|Any CPU.Build.0 = Debug|Any CPU
		{708A6D95-0252-42C9-979B-9E86DB2551DF}.Release|Any CPU.ActiveCfg = Release|Any CPU
		{708A6D95-0252-42C9-979B-9E86DB2551DF}.Release|Any CPU.Build.0 = Release|Any CPU
		{3F8B531A-1B6F-4E85-8B9B-9474808945B6}.Debug|Any CPU.ActiveCfg = Debug|Any CPU
		{3F8B531A-1B6F-4E85-8B9B-9474808945B6}.Debug|Any CPU.Build.0 = Debug|Any CPU
		{3F8B531A-1B6F-4E85-8B9B-9474808945B6}.Release|Any CPU.ActiveCfg = Release|Any CPU
		{3F8B531A-1B6F-4E85-8B9B-9474808945B6}.Release|Any CPU.Build.0 = Release|Any CPU
		{6A89301B-59EE-4E70-A414-1A49638F8602}.Debug|Any CPU.ActiveCfg = Debug|Any CPU
		{6A89301B-59EE-4E70-A414-1A49638F8602}.Debug|Any CPU.Build.0 = Debug|Any CPU
		{6A89301B-59EE-4E70-A414-1A49638F8602}.Release|Any CPU.ActiveCfg = Release|Any CPU
		{6A89301B-59EE-4E70-A414-1A49638F8602}.Release|Any CPU.Build.0 = Release|Any CPU
		{ECFD41FF-4E5F-4641-9A10-5DBDAF7047F9}.Debug|Any CPU.ActiveCfg = Debug|Any CPU
		{ECFD41FF-4E5F-4641-9A10-5DBDAF7047F9}.Debug|Any CPU.Build.0 = Debug|Any CPU
		{ECFD41FF-4E5F-4641-9A10-5DBDAF7047F9}.Release|Any CPU.ActiveCfg = Release|Any CPU
		{ECFD41FF-4E5F-4641-9A10-5DBDAF7047F9}.Release|Any CPU.Build.0 = Release|Any CPU
		{70A65E55-2727-4C5F-B342-714EF1F179BD}.Debug|Any CPU.ActiveCfg = Debug|Any CPU
		{70A65E55-2727-4C5F-B342-714EF1F179BD}.Debug|Any CPU.Build.0 = Debug|Any CPU
		{70A65E55-2727-4C5F-B342-714EF1F179BD}.Release|Any CPU.ActiveCfg = Release|Any CPU
		{70A65E55-2727-4C5F-B342-714EF1F179BD}.Release|Any CPU.Build.0 = Release|Any CPU
		{7C389D18-A1FA-4812-8A48-C4DE3C82BD3D}.Debug|Any CPU.ActiveCfg = Debug|Any CPU
		{7C389D18-A1FA-4812-8A48-C4DE3C82BD3D}.Debug|Any CPU.Build.0 = Debug|Any CPU
		{7C389D18-A1FA-4812-8A48-C4DE3C82BD3D}.Release|Any CPU.ActiveCfg = Release|Any CPU
		{7C389D18-A1FA-4812-8A48-C4DE3C82BD3D}.Release|Any CPU.Build.0 = Release|Any CPU
		{EC20A1FA-348A-4FD4-91B7-56331C78077E}.Debug|Any CPU.ActiveCfg = Debug|Any CPU
		{EC20A1FA-348A-4FD4-91B7-56331C78077E}.Debug|Any CPU.Build.0 = Debug|Any CPU
		{EC20A1FA-348A-4FD4-91B7-56331C78077E}.Release|Any CPU.ActiveCfg = Release|Any CPU
		{EC20A1FA-348A-4FD4-91B7-56331C78077E}.Release|Any CPU.Build.0 = Release|Any CPU
		{EA17A64A-0836-4622-87F4-DF4C8448D2E7}.Debug|Any CPU.ActiveCfg = Debug|Any CPU
		{EA17A64A-0836-4622-87F4-DF4C8448D2E7}.Debug|Any CPU.Build.0 = Debug|Any CPU
		{EA17A64A-0836-4622-87F4-DF4C8448D2E7}.Release|Any CPU.ActiveCfg = Release|Any CPU
		{EA17A64A-0836-4622-87F4-DF4C8448D2E7}.Release|Any CPU.Build.0 = Release|Any CPU
		{B2597273-F328-43BD-B299-B4D0A258D8F8}.Debug|Any CPU.ActiveCfg = Debug|Any CPU
		{B2597273-F328-43BD-B299-B4D0A258D8F8}.Debug|Any CPU.Build.0 = Debug|Any CPU
		{B2597273-F328-43BD-B299-B4D0A258D8F8}.Release|Any CPU.ActiveCfg = Release|Any CPU
		{B2597273-F328-43BD-B299-B4D0A258D8F8}.Release|Any CPU.Build.0 = Release|Any CPU
		{199940A0-8EC1-41BE-A724-B05FDF2867B1}.Debug|Any CPU.ActiveCfg = Debug|Any CPU
		{199940A0-8EC1-41BE-A724-B05FDF2867B1}.Debug|Any CPU.Build.0 = Debug|Any CPU
		{199940A0-8EC1-41BE-A724-B05FDF2867B1}.Release|Any CPU.ActiveCfg = Release|Any CPU
		{199940A0-8EC1-41BE-A724-B05FDF2867B1}.Release|Any CPU.Build.0 = Release|Any CPU
	EndGlobalSection
	GlobalSection(SolutionProperties) = preSolution
		HideSolutionNode = FALSE
	EndGlobalSection
	GlobalSection(ExtensibilityGlobals) = postSolution
		SolutionGuid = {EC9B062D-43D7-4CFF-8803-6D8C1AC4FCEA}
	EndGlobalSection
EndGlobal
